
Microsoft Visual Studio Solution File, Format Version 12.00
# Visual Studio Version 17
VisualStudioVersion = 17.1.32210.238
MinimumVisualStudioVersion = 10.0.40219.1
Project("{9A19103F-16F7-4668-BE54-9A1E7A4F7556}") = "HFSC", "HFSC.csproj", "{2B6A8A61-75D5-49A5-9CFD-D55A5344CDC7}"
EndProject
Global
	GlobalSection(SolutionConfigurationPlatforms) = preSolution
		Debug|Any CPU = Debug|Any CPU
		Release|Any CPU = Release|Any CPU
	EndGlobalSection
	GlobalSection(ProjectConfigurationPlatforms) = postSolution
		{2B6A8A61-75D5-49A5-9CFD-D55A5344CDC7}.Debug|Any CPU.ActiveCfg = Debug|Any CPU
		{2B6A8A61-75D5-49A5-9CFD-D55A5344CDC7}.Debug|Any CPU.Build.0 = Debug|Any CPU
		{2B6A8A61-75D5-49A5-9CFD-D55A5344CDC7}.Release|Any CPU.ActiveCfg = Release|Any CPU
		{2B6A8A61-75D5-49A5-9CFD-D55A5344CDC7}.Release|Any CPU.Build.0 = Release|Any CPU
	EndGlobalSection
	GlobalSection(SolutionProperties) = preSolution
		HideSolutionNode = FALSE
	EndGlobalSection
	GlobalSection(ExtensibilityGlobals) = postSolution
		SolutionGuid = {99C5EBAA-C09E-47C0-95F3-5AD21F63BDDF}
	EndGlobalSection
EndGlobal
